
Microsoft Visual Studio Solution File, Format Version 12.00
# Visual Studio Version 16
VisualStudioVersion = 16.0.31005.135
MinimumVisualStudioVersion = 10.0.40219.1
Project("{9A19103F-16F7-4668-BE54-9A1E7A4F7556}") = "NUnitTestProject1", "NUnitTestProject1\NUnitTestProject1.csproj", "{9F014F46-47F9-4FF8-9ADD-1C37525B1962}"
EndProject
Project("{2150E333-8FDC-42A3-9474-1A3956D46DE8}") = "Solution Items", "Solution Items", "{CA6B9EE0-23EF-4D52-9F76-892A1FC28651}"
	ProjectSection(SolutionItems) = preProject
		JenkinsFile.txt = JenkinsFile.txt
	EndProjectSection
EndProject
Global
	GlobalSection(SolutionConfigurationPlatforms) = preSolution
		Debug|Any CPU = Debug|Any CPU
		Release|Any CPU = Release|Any CPU
	EndGlobalSection
	GlobalSection(ProjectConfigurationPlatforms) = postSolution
		{9F014F46-47F9-4FF8-9ADD-1C37525B1962}.Debug|Any CPU.ActiveCfg = Debug|Any CPU
		{9F014F46-47F9-4FF8-9ADD-1C37525B1962}.Debug|Any CPU.Build.0 = Debug|Any CPU
		{9F014F46-47F9-4FF8-9ADD-1C37525B1962}.Release|Any CPU.ActiveCfg = Release|Any CPU
		{9F014F46-47F9-4FF8-9ADD-1C37525B1962}.Release|Any CPU.Build.0 = Release|Any CPU
	EndGlobalSection
	GlobalSection(SolutionProperties) = preSolution
		HideSolutionNode = FALSE
	EndGlobalSection
	GlobalSection(ExtensibilityGlobals) = postSolution
		SolutionGuid = {17157037-07A4-4DE9-86D0-55E8F43996C8}
	EndGlobalSection
EndGlobal
